
Microsoft Visual Studio Solution File, Format Version 12.00
# Visual Studio Version 16
VisualStudioVersion = 16.0.28803.452
MinimumVisualStudioVersion = 10.0.40219.1
Project("{FAE04EC0-301F-11D3-BF4B-00C04F79EFBC}") = "QualLivroLer", "QualLivroLer\QualLivroLer.csproj", "{D300990B-AB4A-4CA3-B3DF-4E6904AA64D1}"
EndProject
Global
	GlobalSection(SolutionConfigurationPlatforms) = preSolution
		Debug|Any CPU = Debug|Any CPU
		Release|Any CPU = Release|Any CPU
	EndGlobalSection
	GlobalSection(ProjectConfigurationPlatforms) = postSolution
		{D300990B-AB4A-4CA3-B3DF-4E6904AA64D1}.Debug|Any CPU.ActiveCfg = Debug|Any CPU
		{D300990B-AB4A-4CA3-B3DF-4E6904AA64D1}.Debug|Any CPU.Build.0 = Debug|Any CPU
		{D300990B-AB4A-4CA3-B3DF-4E6904AA64D1}.Release|Any CPU.ActiveCfg = Release|Any CPU
		{D300990B-AB4A-4CA3-B3DF-4E6904AA64D1}.Release|Any CPU.Build.0 = Release|Any CPU
	EndGlobalSection
	GlobalSection(SolutionProperties) = preSolution
		HideSolutionNode = FALSE
	EndGlobalSection
	GlobalSection(ExtensibilityGlobals) = postSolution
		SolutionGuid = {D127B29F-68B3-4E3D-B58A-46BBB35D2C28}
	EndGlobalSection
EndGlobal
